
Microsoft Visual Studio Solution File, Format Version 12.00
# Visual Studio Version 17
VisualStudioVersion = 17.14.36915.13
MinimumVisualStudioVersion = 10.0.40219.1
Project("{FAE04EC0-301F-11D3-BF4B-00C04F79EFBC}") = "dotnet-portafolio.web.inicio", "dotnet-portafolio.inicio\dotnet-portafolio.web.inicio.csproj", "{CF9E4466-D63D-42C9-8D58-90D0B73F9255}"
EndProject
Project("{FAE04EC0-301F-11D3-BF4B-00C04F79EFBC}") = "dotnet-portafolio.api", "dotnet-portafolio.api\dotnet-portafolio.api.csproj", "{93D3AA3E-5652-40E3-ADE8-97CC0ED2811C}"
EndProject
Project("{FAE04EC0-301F-11D3-BF4B-00C04F79EFBC}") = "dotnet-portafolio.shared", "dotnet-portafolio.shared\dotnet-portafolio.shared.csproj", "{82B2CA63-DA33-4F1B-B31E-83BC30D18C47}"
EndProject
Global
	GlobalSection(SolutionConfigurationPlatforms) = preSolution
		Debug|Any CPU = Debug|Any CPU
		Release|Any CPU = Release|Any CPU
	EndGlobalSection
	GlobalSection(ProjectConfigurationPlatforms) = postSolution
		{CF9E4466-D63D-42C9-8D58-90D0B73F9255}.Debug|Any CPU.ActiveCfg = Debug|Any CPU
		{CF9E4466-D63D-42C9-8D58-90D0B73F9255}.Debug|Any CPU.Build.0 = Debug|Any CPU
		{CF9E4466-D63D-42C9-8D58-90D0B73F9255}.Release|Any CPU.ActiveCfg = Release|Any CPU
		{CF9E4466-D63D-42C9-8D58-90D0B73F9255}.Release|Any CPU.Build.0 = Release|Any CPU
		{93D3AA3E-5652-40E3-ADE8-97CC0ED2811C}.Debug|Any CPU.ActiveCfg = Debug|Any CPU
		{93D3AA3E-5652-40E3-ADE8-97CC0ED2811C}.Debug|Any CPU.Build.0 = Debug|Any CPU
		{93D3AA3E-5652-40E3-ADE8-97CC0ED2811C}.Release|Any CPU.ActiveCfg = Release|Any CPU
		{93D3AA3E-5652-40E3-ADE8-97CC0ED2811C}.Release|Any CPU.Build.0 = Release|Any CPU
		{82B2CA63-DA33-4F1B-B31E-83BC30D18C47}.Debug|Any CPU.ActiveCfg = Debug|Any CPU
		{82B2CA63-DA33-4F1B-B31E-83BC30D18C47}.Debug|Any CPU.Build.0 = Debug|Any CPU
		{82B2CA63-DA33-4F1B-B31E-83BC30D18C47}.Release|Any CPU.ActiveCfg = Release|Any CPU
		{82B2CA63-DA33-4F1B-B31E-83BC30D18C47}.Release|Any CPU.Build.0 = Release|Any CPU
	EndGlobalSection
	GlobalSection(SolutionProperties) = preSolution
		HideSolutionNode = FALSE
	EndGlobalSection
	GlobalSection(ExtensibilityGlobals) = postSolution
		SolutionGuid = {0787394D-879B-4C89-B338-33BA34E495C7}
	EndGlobalSection
EndGlobal
